// !$*UTF8*$!
{
	archiveVersion = 1;
	classes = {
	};
	objectVersion = 56;
	objects = {

/* Begin PBXBuildFile section */
		F58F98842B513E1200D6A2B1 /* SummaryView.swift in Sources */ = {isa = PBXBuildFile; fileRef = F58F98832B513E1200D6A2B1 /* SummaryView.swift */; };
		F58F988B2B51414C00D6A2B1 /* ActivityRingsView.swift in Sources */ = {isa = PBXBuildFile; fileRef = F58F988A2B51414C00D6A2B1 /* ActivityRingsView.swift */; };
		F58F988E2B51438500D6A2B1 /* DrillsListView.swift in Sources */ = {isa = PBXBuildFile; fileRef = F58F988D2B51438500D6A2B1 /* DrillsListView.swift */; };
		F58F98902B51485000D6A2B1 /* WorkoutManager.swift in Sources */ = {isa = PBXBuildFile; fileRef = F58F988F2B51485000D6A2B1 /* WorkoutManager.swift */; };
		F58F98922B5148C000D6A2B1 /* DrillManager.swift in Sources */ = {isa = PBXBuildFile; fileRef = F58F98912B5148C000D6A2B1 /* DrillManager.swift */; };
		F58F98962B514E8300D6A2B1 /* WorkoutsListView.swift in Sources */ = {isa = PBXBuildFile; fileRef = F58F98952B514E8300D6A2B1 /* WorkoutsListView.swift */; };
		F5E2463F2B51205300544911 /* HockeyDrills Watch App.app in Embed Watch Content */ = {isa = PBXBuildFile; fileRef = F5E2463E2B51205300544911 /* HockeyDrills Watch App.app */; settings = {ATTRIBUTES = (RemoveHeadersOnCopy, ); }; };
		F5E246442B51205300544911 /* HockeyDrillsApp.swift in Sources */ = {isa = PBXBuildFile; fileRef = F5E246432B51205300544911 /* HockeyDrillsApp.swift */; };
		F5E246462B51205300544911 /* StartView.swift in Sources */ = {isa = PBXBuildFile; fileRef = F5E246452B51205300544911 /* StartView.swift */; };
		F5E246482B51205600544911 /* Assets.xcassets in Resources */ = {isa = PBXBuildFile; fileRef = F5E246472B51205600544911 /* Assets.xcassets */; };
		F5E2464B2B51205600544911 /* Preview Assets.xcassets in Resources */ = {isa = PBXBuildFile; fileRef = F5E2464A2B51205600544911 /* Preview Assets.xcassets */; };
		F5E246552B51205600544911 /* HockeyDrills_Watch_AppTests.swift in Sources */ = {isa = PBXBuildFile; fileRef = F5E246542B51205600544911 /* HockeyDrills_Watch_AppTests.swift */; };
		F5E2465F2B51205600544911 /* HockeyDrills_Watch_AppUITests.swift in Sources */ = {isa = PBXBuildFile; fileRef = F5E2465E2B51205600544911 /* HockeyDrills_Watch_AppUITests.swift */; };
		F5E246612B51205600544911 /* HockeyDrills_Watch_AppUITestsLaunchTests.swift in Sources */ = {isa = PBXBuildFile; fileRef = F5E246602B51205600544911 /* HockeyDrills_Watch_AppUITestsLaunchTests.swift */; };
		F5E246722B51224100544911 /* Drills.swift in Sources */ = {isa = PBXBuildFile; fileRef = F5E246712B51224100544911 /* Drills.swift */; };
		F5E246742B512C8000544911 /* SessionPagingView.swift in Sources */ = {isa = PBXBuildFile; fileRef = F5E246732B512C8000544911 /* SessionPagingView.swift */; };
		F5E246762B512D4F00544911 /* MetricsView.swift in Sources */ = {isa = PBXBuildFile; fileRef = F5E246752B512D4F00544911 /* MetricsView.swift */; };
		F5E246782B51324300544911 /* ElapsedTimeView.swift in Sources */ = {isa = PBXBuildFile; fileRef = F5E246772B51324300544911 /* ElapsedTimeView.swift */; };
		F5E2467A2B51346E00544911 /* ControlsView.swift in Sources */ = {isa = PBXBuildFile; fileRef = F5E246792B51346E00544911 /* ControlsView.swift */; };
		F5E2467C2B51356800544911 /* DrillStepView.swift in Sources */ = {isa = PBXBuildFile; fileRef = F5E2467B2B51356800544911 /* DrillStepView.swift */; };
/* End PBXBuildFile section */

/* Begin PBXContainerItemProxy section */
		F5E246402B51205300544911 /* PBXContainerItemProxy */ = {
			isa = PBXContainerItemProxy;
			containerPortal = F5E246322B51205300544911 /* Project object */;
			proxyType = 1;
			remoteGlobalIDString = F5E2463D2B51205300544911;
			remoteInfo = "HockeyDrills Watch App";
		};
		F5E246512B51205600544911 /* PBXContainerItemProxy */ = {
			isa = PBXContainerItemProxy;
			containerPortal = F5E246322B51205300544911 /* Project object */;
			proxyType = 1;
			remoteGlobalIDString = F5E2463D2B51205300544911;
			remoteInfo = "HockeyDrills Watch App";
		};
		F5E2465B2B51205600544911 /* PBXContainerItemProxy */ = {
			isa = PBXContainerItemProxy;
			containerPortal = F5E246322B51205300544911 /* Project object */;
			proxyType = 1;
			remoteGlobalIDString = F5E2463D2B51205300544911;
			remoteInfo = "HockeyDrills Watch App";
		};
/* End PBXContainerItemProxy section */

/* Begin PBXCopyFilesBuildPhase section */
		F5E246672B51205600544911 /* Embed Watch Content */ = {
			isa = PBXCopyFilesBuildPhase;
			buildActionMask = 2147483647;
			dstPath = "$(CONTENTS_FOLDER_PATH)/Watch";
			dstSubfolderSpec = 16;
			files = (
				F5E2463F2B51205300544911 /* HockeyDrills Watch App.app in Embed Watch Content */,
			);
			name = "Embed Watch Content";
			runOnlyForDeploymentPostprocessing = 0;
		};
/* End PBXCopyFilesBuildPhase section */

/* Begin PBXFileReference section */
		F58F98832B513E1200D6A2B1 /* SummaryView.swift */ = {isa = PBXFileReference; lastKnownFileType = sourcecode.swift; path = SummaryView.swift; sourceTree = "<group>"; };
		F58F988A2B51414C00D6A2B1 /* ActivityRingsView.swift */ = {isa = PBXFileReference; lastKnownFileType = sourcecode.swift; path = ActivityRingsView.swift; sourceTree = "<group>"; };
		F58F988D2B51438500D6A2B1 /* DrillsListView.swift */ = {isa = PBXFileReference; lastKnownFileType = sourcecode.swift; path = DrillsListView.swift; sourceTree = "<group>"; };
		F58F988F2B51485000D6A2B1 /* WorkoutManager.swift */ = {isa = PBXFileReference; lastKnownFileType = sourcecode.swift; path = WorkoutManager.swift; sourceTree = "<group>"; };
		F58F98912B5148C000D6A2B1 /* DrillManager.swift */ = {isa = PBXFileReference; lastKnownFileType = sourcecode.swift; path = DrillManager.swift; sourceTree = "<group>"; };
		F58F98932B514CB300D6A2B1 /* HockeyDrills Watch App.entitlements */ = {isa = PBXFileReference; lastKnownFileType = text.plist.entitlements; path = "HockeyDrills Watch App.entitlements"; sourceTree = "<group>"; };
		F58F98942B514CB900D6A2B1 /* HockeyDrills-Watch-App-Info.plist */ = {isa = PBXFileReference; lastKnownFileType = text.plist; path = "HockeyDrills-Watch-App-Info.plist"; sourceTree = SOURCE_ROOT; };
		F58F98952B514E8300D6A2B1 /* WorkoutsListView.swift */ = {isa = PBXFileReference; lastKnownFileType = sourcecode.swift; path = WorkoutsListView.swift; sourceTree = "<group>"; };
		F5E246382B51205300544911 /* HockeyDrills.app */ = {isa = PBXFileReference; explicitFileType = wrapper.application; includeInIndex = 0; path = HockeyDrills.app; sourceTree = BUILT_PRODUCTS_DIR; };
		F5E2463E2B51205300544911 /* HockeyDrills Watch App.app */ = {isa = PBXFileReference; explicitFileType = wrapper.application; includeInIndex = 0; path = "HockeyDrills Watch App.app"; sourceTree = BUILT_PRODUCTS_DIR; };
		F5E246432B51205300544911 /* HockeyDrillsApp.swift */ = {isa = PBXFileReference; lastKnownFileType = sourcecode.swift; path = HockeyDrillsApp.swift; sourceTree = "<group>"; };
		F5E246452B51205300544911 /* StartView.swift */ = {isa = PBXFileReference; lastKnownFileType = sourcecode.swift; path = StartView.swift; sourceTree = "<group>"; };
		F5E246472B51205600544911 /* Assets.xcassets */ = {isa = PBXFileReference; lastKnownFileType = folder.assetcatalog; path = Assets.xcassets; sourceTree = "<group>"; };
		F5E2464A2B51205600544911 /* Preview Assets.xcassets */ = {isa = PBXFileReference; lastKnownFileType = folder.assetcatalog; path = "Preview Assets.xcassets"; sourceTree = "<group>"; };
		F5E246502B51205600544911 /* HockeyDrills Watch AppTests.xctest */ = {isa = PBXFileReference; explicitFileType = wrapper.cfbundle; includeInIndex = 0; path = "HockeyDrills Watch AppTests.xctest"; sourceTree = BUILT_PRODUCTS_DIR; };
		F5E246542B51205600544911 /* HockeyDrills_Watch_AppTests.swift */ = {isa = PBXFileReference; lastKnownFileType = sourcecode.swift; path = HockeyDrills_Watch_AppTests.swift; sourceTree = "<group>"; };
		F5E2465A2B51205600544911 /* HockeyDrills Watch AppUITests.xctest */ = {isa = PBXFileReference; explicitFileType = wrapper.cfbundle; includeInIndex = 0; path = "HockeyDrills Watch AppUITests.xctest"; sourceTree = BUILT_PRODUCTS_DIR; };
		F5E2465E2B51205600544911 /* HockeyDrills_Watch_AppUITests.swift */ = {isa = PBXFileReference; lastKnownFileType = sourcecode.swift; path = HockeyDrills_Watch_AppUITests.swift; sourceTree = "<group>"; };
		F5E246602B51205600544911 /* HockeyDrills_Watch_AppUITestsLaunchTests.swift */ = {isa = PBXFileReference; lastKnownFileType = sourcecode.swift; path = HockeyDrills_Watch_AppUITestsLaunchTests.swift; sourceTree = "<group>"; };
		F5E246712B51224100544911 /* Drills.swift */ = {isa = PBXFileReference; lastKnownFileType = sourcecode.swift; path = Drills.swift; sourceTree = "<group>"; };
		F5E246732B512C8000544911 /* SessionPagingView.swift */ = {isa = PBXFileReference; lastKnownFileType = sourcecode.swift; path = SessionPagingView.swift; sourceTree = "<group>"; };
		F5E246752B512D4F00544911 /* MetricsView.swift */ = {isa = PBXFileReference; lastKnownFileType = sourcecode.swift; path = MetricsView.swift; sourceTree = "<group>"; };
		F5E246772B51324300544911 /* ElapsedTimeView.swift */ = {isa = PBXFileReference; lastKnownFileType = sourcecode.swift; path = ElapsedTimeView.swift; sourceTree = "<group>"; };
		F5E246792B51346E00544911 /* ControlsView.swift */ = {isa = PBXFileReference; lastKnownFileType = sourcecode.swift; path = ControlsView.swift; sourceTree = "<group>"; };
		F5E2467B2B51356800544911 /* DrillStepView.swift */ = {isa = PBXFileReference; lastKnownFileType = sourcecode.swift; path = DrillStepView.swift; sourceTree = "<group>"; };
/* End PBXFileReference section */

/* Begin PBXFrameworksBuildPhase section */
		F5E2463B2B51205300544911 /* Frameworks */ = {
			isa = PBXFrameworksBuildPhase;
			buildActionMask = 2147483647;
			files = (
			);
			runOnlyForDeploymentPostprocessing = 0;
		};
		F5E2464D2B51205600544911 /* Frameworks */ = {
			isa = PBXFrameworksBuildPhase;
			buildActionMask = 2147483647;
			files = (
			);
			runOnlyForDeploymentPostprocessing = 0;
		};
		F5E246572B51205600544911 /* Frameworks */ = {
			isa = PBXFrameworksBuildPhase;
			buildActionMask = 2147483647;
			files = (
			);
			runOnlyForDeploymentPostprocessing = 0;
		};
/* End PBXFrameworksBuildPhase section */

/* Begin PBXGroup section */
		F58F98872B51411500D6A2B1 /* Workout */ = {
			isa = PBXGroup;
			children = (
				F5E246732B512C8000544911 /* SessionPagingView.swift */,
				F5E246792B51346E00544911 /* ControlsView.swift */,
				F5E2467B2B51356800544911 /* DrillStepView.swift */,
				F5E246752B512D4F00544911 /* MetricsView.swift */,
				F5E246772B51324300544911 /* ElapsedTimeView.swift */,
				F58F988F2B51485000D6A2B1 /* WorkoutManager.swift */,
			);
			path = Workout;
			sourceTree = "<group>";
		};
		F58F98882B51412A00D6A2B1 /* Start */ = {
			isa = PBXGroup;
			children = (
				F5E246452B51205300544911 /* StartView.swift */,
				F58F988D2B51438500D6A2B1 /* DrillsListView.swift */,
				F58F98952B514E8300D6A2B1 /* WorkoutsListView.swift */,
			);
			path = Start;
			sourceTree = "<group>";
		};
		F58F98892B51413D00D6A2B1 /* Summary */ = {
			isa = PBXGroup;
			children = (
				F58F98832B513E1200D6A2B1 /* SummaryView.swift */,
				F58F988A2B51414C00D6A2B1 /* ActivityRingsView.swift */,
			);
			path = Summary;
			sourceTree = "<group>";
		};
		F58F988C2B51437900D6A2B1 /* Drills */ = {
			isa = PBXGroup;
			children = (
				F5E246712B51224100544911 /* Drills.swift */,
				F58F98912B5148C000D6A2B1 /* DrillManager.swift */,
			);
			path = Drills;
			sourceTree = "<group>";
		};
		F5E246312B51205300544911 = {
			isa = PBXGroup;
			children = (
				F5E246422B51205300544911 /* HockeyDrills Watch App */,
				F5E246532B51205600544911 /* HockeyDrills Watch AppTests */,
				F5E2465D2B51205600544911 /* HockeyDrills Watch AppUITests */,
				F5E246392B51205300544911 /* Products */,
			);
			sourceTree = "<group>";
		};
		F5E246392B51205300544911 /* Products */ = {
			isa = PBXGroup;
			children = (
				F5E246382B51205300544911 /* HockeyDrills.app */,
				F5E2463E2B51205300544911 /* HockeyDrills Watch App.app */,
				F5E246502B51205600544911 /* HockeyDrills Watch AppTests.xctest */,
				F5E2465A2B51205600544911 /* HockeyDrills Watch AppUITests.xctest */,
			);
			name = Products;
			sourceTree = "<group>";
		};
		F5E246422B51205300544911 /* HockeyDrills Watch App */ = {
			isa = PBXGroup;
			children = (
				F58F98942B514CB900D6A2B1 /* HockeyDrills-Watch-App-Info.plist */,
				F58F98932B514CB300D6A2B1 /* HockeyDrills Watch App.entitlements */,
				F5E246432B51205300544911 /* HockeyDrillsApp.swift */,
				F58F988C2B51437900D6A2B1 /* Drills */,
				F58F98882B51412A00D6A2B1 /* Start */,
				F58F98872B51411500D6A2B1 /* Workout */,
				F58F98892B51413D00D6A2B1 /* Summary */,
				F5E246472B51205600544911 /* Assets.xcassets */,
				F5E246492B51205600544911 /* Preview Content */,
			);
			path = "HockeyDrills Watch App";
			sourceTree = "<group>";
		};
		F5E246492B51205600544911 /* Preview Content */ = {
			isa = PBXGroup;
			children = (
				F5E2464A2B51205600544911 /* Preview Assets.xcassets */,
			);
			path = "Preview Content";
			sourceTree = "<group>";
		};
		F5E246532B51205600544911 /* HockeyDrills Watch AppTests */ = {
			isa = PBXGroup;
			children = (
				F5E246542B51205600544911 /* HockeyDrills_Watch_AppTests.swift */,
			);
			path = "HockeyDrills Watch AppTests";
			sourceTree = "<group>";
		};
		F5E2465D2B51205600544911 /* HockeyDrills Watch AppUITests */ = {
			isa = PBXGroup;
			children = (
				F5E2465E2B51205600544911 /* HockeyDrills_Watch_AppUITests.swift */,
				F5E246602B51205600544911 /* HockeyDrills_Watch_AppUITestsLaunchTests.swift */,
			);
			path = "HockeyDrills Watch AppUITests";
			sourceTree = "<group>";
		};
/* End PBXGroup section */

/* Begin PBXNativeTarget section */
		F5E246372B51205300544911 /* HockeyDrills */ = {
			isa = PBXNativeTarget;
			buildConfigurationList = F5E246682B51205600544911 /* Build configuration list for PBXNativeTarget "HockeyDrills" */;
			buildPhases = (
				F5E246362B51205300544911 /* Resources */,
				F5E246672B51205600544911 /* Embed Watch Content */,
			);
			buildRules = (
			);
			dependencies = (
				F5E246412B51205300544911 /* PBXTargetDependency */,
			);
			name = HockeyDrills;
			productName = HockeyDrills;
			productReference = F5E246382B51205300544911 /* HockeyDrills.app */;
			productType = "com.apple.product-type.application.watchapp2-container";
		};
		F5E2463D2B51205300544911 /* HockeyDrills Watch App */ = {
			isa = PBXNativeTarget;
			buildConfigurationList = F5E246642B51205600544911 /* Build configuration list for PBXNativeTarget "HockeyDrills Watch App" */;
			buildPhases = (
				F5E2463A2B51205300544911 /* Sources */,
				F5E2463B2B51205300544911 /* Frameworks */,
				F5E2463C2B51205300544911 /* Resources */,
			);
			buildRules = (
			);
			dependencies = (
			);
			name = "HockeyDrills Watch App";
			productName = "HockeyDrills Watch App";
			productReference = F5E2463E2B51205300544911 /* HockeyDrills Watch App.app */;
			productType = "com.apple.product-type.application";
		};
		F5E2464F2B51205600544911 /* HockeyDrills Watch AppTests */ = {
			isa = PBXNativeTarget;
			buildConfigurationList = F5E2466B2B51205600544911 /* Build configuration list for PBXNativeTarget "HockeyDrills Watch AppTests" */;
			buildPhases = (
				F5E2464C2B51205600544911 /* Sources */,
				F5E2464D2B51205600544911 /* Frameworks */,
				F5E2464E2B51205600544911 /* Resources */,
			);
			buildRules = (
			);
			dependencies = (
				F5E246522B51205600544911 /* PBXTargetDependency */,
			);
			name = "HockeyDrills Watch AppTests";
			productName = "HockeyDrills Watch AppTests";
			productReference = F5E246502B51205600544911 /* HockeyDrills Watch AppTests.xctest */;
			productType = "com.apple.product-type.bundle.unit-test";
		};
		F5E246592B51205600544911 /* HockeyDrills Watch AppUITests */ = {
			isa = PBXNativeTarget;
			buildConfigurationList = F5E2466E2B51205600544911 /* Build configuration list for PBXNativeTarget "HockeyDrills Watch AppUITests" */;
			buildPhases = (
				F5E246562B51205600544911 /* Sources */,
				F5E246572B51205600544911 /* Frameworks */,
				F5E246582B51205600544911 /* Resources */,
			);
			buildRules = (
			);
			dependencies = (
				F5E2465C2B51205600544911 /* PBXTargetDependency */,
			);
			name = "HockeyDrills Watch AppUITests";
			productName = "HockeyDrills Watch AppUITests";
			productReference = F5E2465A2B51205600544911 /* HockeyDrills Watch AppUITests.xctest */;
			productType = "com.apple.product-type.bundle.ui-testing";
		};
/* End PBXNativeTarget section */

/* Begin PBXProject section */
		F5E246322B51205300544911 /* Project object */ = {
			isa = PBXProject;
			attributes = {
				BuildIndependentTargetsInParallel = 1;
				LastSwiftUpdateCheck = 1520;
				LastUpgradeCheck = 1520;
				TargetAttributes = {
					F5E246372B51205300544911 = {
						CreatedOnToolsVersion = 15.2;
					};
					F5E2463D2B51205300544911 = {
						CreatedOnToolsVersion = 15.2;
					};
					F5E2464F2B51205600544911 = {
						CreatedOnToolsVersion = 15.2;
						TestTargetID = F5E2463D2B51205300544911;
					};
					F5E246592B51205600544911 = {
						CreatedOnToolsVersion = 15.2;
						TestTargetID = F5E2463D2B51205300544911;
					};
				};
			};
			buildConfigurationList = F5E246352B51205300544911 /* Build configuration list for PBXProject "HockeyDrills" */;
			compatibilityVersion = "Xcode 14.0";
			developmentRegion = en;
			hasScannedForEncodings = 0;
			knownRegions = (
				en,
				Base,
			);
			mainGroup = F5E246312B51205300544911;
			productRefGroup = F5E246392B51205300544911 /* Products */;
			projectDirPath = "";
			projectRoot = "";
			targets = (
				F5E246372B51205300544911 /* HockeyDrills */,
				F5E2463D2B51205300544911 /* HockeyDrills Watch App */,
				F5E2464F2B51205600544911 /* HockeyDrills Watch AppTests */,
				F5E246592B51205600544911 /* HockeyDrills Watch AppUITests */,
			);
		};
/* End PBXProject section */

/* Begin PBXResourcesBuildPhase section */
		F5E246362B51205300544911 /* Resources */ = {
			isa = PBXResourcesBuildPhase;
			buildActionMask = 2147483647;
			files = (
			);
			runOnlyForDeploymentPostprocessing = 0;
		};
		F5E2463C2B51205300544911 /* Resources */ = {
			isa = PBXResourcesBuildPhase;
			buildActionMask = 2147483647;
			files = (
				F5E2464B2B51205600544911 /* Preview Assets.xcassets in Resources */,
				F5E246482B51205600544911 /* Assets.xcassets in Resources */,
			);
			runOnlyForDeploymentPostprocessing = 0;
		};
		F5E2464E2B51205600544911 /* Resources */ = {
			isa = PBXResourcesBuildPhase;
			buildActionMask = 2147483647;
			files = (
			);
			runOnlyForDeploymentPostprocessing = 0;
		};
		F5E246582B51205600544911 /* Resources */ = {
			isa = PBXResourcesBuildPhase;
			buildActionMask = 2147483647;
			files = (
			);
			runOnlyForDeploymentPostprocessing = 0;
		};
/* End PBXResourcesBuildPhase section */

/* Begin PBXSourcesBuildPhase section */
		F5E2463A2B51205300544911 /* Sources */ = {
			isa = PBXSourcesBuildPhase;
			buildActionMask = 2147483647;
			files = (
				F58F98922B5148C000D6A2B1 /* DrillManager.swift in Sources */,
				F5E2467C2B51356800544911 /* DrillStepView.swift in Sources */,
				F5E2467A2B51346E00544911 /* ControlsView.swift in Sources */,
				F5E246462B51205300544911 /* StartView.swift in Sources */,
				F58F988B2B51414C00D6A2B1 /* ActivityRingsView.swift in Sources */,
				F5E246762B512D4F00544911 /* MetricsView.swift in Sources */,
				F58F98902B51485000D6A2B1 /* WorkoutManager.swift in Sources */,
				F58F988E2B51438500D6A2B1 /* DrillsListView.swift in Sources */,
				F5E246442B51205300544911 /* HockeyDrillsApp.swift in Sources */,
				F5E246722B51224100544911 /* Drills.swift in Sources */,
				F5E246782B51324300544911 /* ElapsedTimeView.swift in Sources */,
				F5E246742B512C8000544911 /* SessionPagingView.swift in Sources */,
				F58F98962B514E8300D6A2B1 /* WorkoutsListView.swift in Sources */,
				F58F98842B513E1200D6A2B1 /* SummaryView.swift in Sources */,
			);
			runOnlyForDeploymentPostprocessing = 0;
		};
		F5E2464C2B51205600544911 /* Sources */ = {
			isa = PBXSourcesBuildPhase;
			buildActionMask = 2147483647;
			files = (
				F5E246552B51205600544911 /* HockeyDrills_Watch_AppTests.swift in Sources */,
			);
			runOnlyForDeploymentPostprocessing = 0;
		};
		F5E246562B51205600544911 /* Sources */ = {
			isa = PBXSourcesBuildPhase;
			buildActionMask = 2147483647;
			files = (
				F5E2465F2B51205600544911 /* HockeyDrills_Watch_AppUITests.swift in Sources */,
				F5E246612B51205600544911 /* HockeyDrills_Watch_AppUITestsLaunchTests.swift in Sources */,
			);
			runOnlyForDeploymentPostprocessing = 0;
		};
/* End PBXSourcesBuildPhase section */

/* Begin PBXTargetDependency section */
		F5E246412B51205300544911 /* PBXTargetDependency */ = {
			isa = PBXTargetDependency;
			target = F5E2463D2B51205300544911 /* HockeyDrills Watch App */;
			targetProxy = F5E246402B51205300544911 /* PBXContainerItemProxy */;
		};
		F5E246522B51205600544911 /* PBXTargetDependency */ = {
			isa = PBXTargetDependency;
			target = F5E2463D2B51205300544911 /* HockeyDrills Watch App */;
			targetProxy = F5E246512B51205600544911 /* PBXContainerItemProxy */;
		};
		F5E2465C2B51205600544911 /* PBXTargetDependency */ = {
			isa = PBXTargetDependency;
			target = F5E2463D2B51205300544911 /* HockeyDrills Watch App */;
			targetProxy = F5E2465B2B51205600544911 /* PBXContainerItemProxy */;
		};
/* End PBXTargetDependency section */

/* Begin XCBuildConfiguration section */
		F5E246622B51205600544911 /* Debug */ = {
			isa = XCBuildConfiguration;
			buildSettings = {
				ALWAYS_SEARCH_USER_PATHS = NO;
				ASSETCATALOG_COMPILER_GENERATE_SWIFT_ASSET_SYMBOL_EXTENSIONS = YES;
				CLANG_ANALYZER_NONNULL = YES;
				CLANG_ANALYZER_NUMBER_OBJECT_CONVERSION = YES_AGGRESSIVE;
				CLANG_CXX_LANGUAGE_STANDARD = "gnu++20";
				CLANG_ENABLE_MODULES = YES;
				CLANG_ENABLE_OBJC_ARC = YES;
				CLANG_ENABLE_OBJC_WEAK = YES;
				CLANG_WARN_BLOCK_CAPTURE_AUTORELEASING = YES;
				CLANG_WARN_BOOL_CONVERSION = YES;
				CLANG_WARN_COMMA = YES;
				CLANG_WARN_CONSTANT_CONVERSION = YES;
				CLANG_WARN_DEPRECATED_OBJC_IMPLEMENTATIONS = YES;
				CLANG_WARN_DIRECT_OBJC_ISA_USAGE = YES_ERROR;
				CLANG_WARN_DOCUMENTATION_COMMENTS = YES;
				CLANG_WARN_EMPTY_BODY = YES;
				CLANG_WARN_ENUM_CONVERSION = YES;
				CLANG_WARN_INFINITE_RECURSION = YES;
				CLANG_WARN_INT_CONVERSION = YES;
				CLANG_WARN_NON_LITERAL_NULL_CONVERSION = YES;
				CLANG_WARN_OBJC_IMPLICIT_RETAIN_SELF = YES;
				CLANG_WARN_OBJC_LITERAL_CONVERSION = YES;
				CLANG_WARN_OBJC_ROOT_CLASS = YES_ERROR;
				CLANG_WARN_QUOTED_INCLUDE_IN_FRAMEWORK_HEADER = YES;
				CLANG_WARN_RANGE_LOOP_ANALYSIS = YES;
				CLANG_WARN_STRICT_PROTOTYPES = YES;
				CLANG_WARN_SUSPICIOUS_MOVE = YES;
				CLANG_WARN_UNGUARDED_AVAILABILITY = YES_AGGRESSIVE;
				CLANG_WARN_UNREACHABLE_CODE = YES;
				CLANG_WARN__DUPLICATE_METHOD_MATCH = YES;
				COPY_PHASE_STRIP = NO;
				DEBUG_INFORMATION_FORMAT = dwarf;
				ENABLE_STRICT_OBJC_MSGSEND = YES;
				ENABLE_TESTABILITY = YES;
				ENABLE_USER_SCRIPT_SANDBOXING = YES;
				GCC_C_LANGUAGE_STANDARD = gnu17;
				GCC_DYNAMIC_NO_PIC = NO;
				GCC_NO_COMMON_BLOCKS = YES;
				GCC_OPTIMIZATION_LEVEL = 0;
				GCC_PREPROCESSOR_DEFINITIONS = (
					"DEBUG=1",
					"$(inherited)",
				);
				GCC_WARN_64_TO_32_BIT_CONVERSION = YES;
				GCC_WARN_ABOUT_RETURN_TYPE = YES_ERROR;
				GCC_WARN_UNDECLARED_SELECTOR = YES;
				GCC_WARN_UNINITIALIZED_AUTOS = YES_AGGRESSIVE;
				GCC_WARN_UNUSED_FUNCTION = YES;
				GCC_WARN_UNUSED_VARIABLE = YES;
				LOCALIZATION_PREFERS_STRING_CATALOGS = YES;
				MTL_ENABLE_DEBUG_INFO = INCLUDE_SOURCE;
				MTL_FAST_MATH = YES;
				ONLY_ACTIVE_ARCH = YES;
				SWIFT_ACTIVE_COMPILATION_CONDITIONS = "DEBUG $(inherited)";
				SWIFT_OPTIMIZATION_LEVEL = "-Onone";
			};
			name = Debug;
		};
		F5E246632B51205600544911 /* Release */ = {
			isa = XCBuildConfiguration;
			buildSettings = {
				ALWAYS_SEARCH_USER_PATHS = NO;
				ASSETCATALOG_COMPILER_GENERATE_SWIFT_ASSET_SYMBOL_EXTENSIONS = YES;
				CLANG_ANALYZER_NONNULL = YES;
				CLANG_ANALYZER_NUMBER_OBJECT_CONVERSION = YES_AGGRESSIVE;
				CLANG_CXX_LANGUAGE_STANDARD = "gnu++20";
				CLANG_ENABLE_MODULES = YES;
				CLANG_ENABLE_OBJC_ARC = YES;
				CLANG_ENABLE_OBJC_WEAK = YES;
				CLANG_WARN_BLOCK_CAPTURE_AUTORELEASING = YES;
				CLANG_WARN_BOOL_CONVERSION = YES;
				CLANG_WARN_COMMA = YES;
				CLANG_WARN_CONSTANT_CONVERSION = YES;
				CLANG_WARN_DEPRECATED_OBJC_IMPLEMENTATIONS = YES;
				CLANG_WARN_DIRECT_OBJC_ISA_USAGE = YES_ERROR;
				CLANG_WARN_DOCUMENTATION_COMMENTS = YES;
				CLANG_WARN_EMPTY_BODY = YES;
				CLANG_WARN_ENUM_CONVERSION = YES;
				CLANG_WARN_INFINITE_RECURSION = YES;
				CLANG_WARN_INT_CONVERSION = YES;
				CLANG_WARN_NON_LITERAL_NULL_CONVERSION = YES;
				CLANG_WARN_OBJC_IMPLICIT_RETAIN_SELF = YES;
				CLANG_WARN_OBJC_LITERAL_CONVERSION = YES;
				CLANG_WARN_OBJC_ROOT_CLASS = YES_ERROR;
				CLANG_WARN_QUOTED_INCLUDE_IN_FRAMEWORK_HEADER = YES;
				CLANG_WARN_RANGE_LOOP_ANALYSIS = YES;
				CLANG_WARN_STRICT_PROTOTYPES = YES;
				CLANG_WARN_SUSPICIOUS_MOVE = YES;
				CLANG_WARN_UNGUARDED_AVAILABILITY = YES_AGGRESSIVE;
				CLANG_WARN_UNREACHABLE_CODE = YES;
				CLANG_WARN__DUPLICATE_METHOD_MATCH = YES;
				COPY_PHASE_STRIP = NO;
				DEBUG_INFORMATION_FORMAT = "dwarf-with-dsym";
				ENABLE_NS_ASSERTIONS = NO;
				ENABLE_STRICT_OBJC_MSGSEND = YES;
				ENABLE_USER_SCRIPT_SANDBOXING = YES;
				GCC_C_LANGUAGE_STANDARD = gnu17;
				GCC_NO_COMMON_BLOCKS = YES;
				GCC_WARN_64_TO_32_BIT_CONVERSION = YES;
				GCC_WARN_ABOUT_RETURN_TYPE = YES_ERROR;
				GCC_WARN_UNDECLARED_SELECTOR = YES;
				GCC_WARN_UNINITIALIZED_AUTOS = YES_AGGRESSIVE;
				GCC_WARN_UNUSED_FUNCTION = YES;
				GCC_WARN_UNUSED_VARIABLE = YES;
				LOCALIZATION_PREFERS_STRING_CATALOGS = YES;
				MTL_ENABLE_DEBUG_INFO = NO;
				MTL_FAST_MATH = YES;
				SWIFT_COMPILATION_MODE = wholemodule;
			};
			name = Release;
		};
		F5E246652B51205600544911 /* Debug */ = {
			isa = XCBuildConfiguration;
			buildSettings = {
				ASSETCATALOG_COMPILER_APPICON_NAME = AppIcon;
				ASSETCATALOG_COMPILER_GLOBAL_ACCENT_COLOR_NAME = AccentColor;
				CODE_SIGN_ENTITLEMENTS = "HockeyDrills Watch App/HockeyDrills Watch App.entitlements";
				CODE_SIGN_STYLE = Automatic;
				CURRENT_PROJECT_VERSION = 1;
				DEVELOPMENT_ASSET_PATHS = "\"HockeyDrills Watch App/Preview Content\"";
				DEVELOPMENT_TEAM = 48H7CLBV8Y;
				ENABLE_PREVIEWS = YES;
				GENERATE_INFOPLIST_FILE = YES;
				INFOPLIST_FILE = "HockeyDrills-Watch-App-Info.plist";
				INFOPLIST_KEY_CFBundleDisplayName = HockeyDrills;
				INFOPLIST_KEY_UISupportedInterfaceOrientations = "UIInterfaceOrientationPortrait UIInterfaceOrientationPortraitUpsideDown";
				INFOPLIST_KEY_WKWatchOnly = YES;
				LD_RUNPATH_SEARCH_PATHS = (
					"$(inherited)",
					"@executable_path/Frameworks",
				);
				MARKETING_VERSION = 1.0;
				PRODUCT_BUNDLE_IDENTIFIER = com.vladzaharia.HockeyDrills.watchkitapp;
				PRODUCT_NAME = "$(TARGET_NAME)";
				SDKROOT = watchos;
				SKIP_INSTALL = YES;
				SWIFT_EMIT_LOC_STRINGS = YES;
				SWIFT_VERSION = 5.0;
				TARGETED_DEVICE_FAMILY = 4;
				WATCHOS_DEPLOYMENT_TARGET = 10.0;
			};
			name = Debug;
		};
		F5E246662B51205600544911 /* Release */ = {
			isa = XCBuildConfiguration;
			buildSettings = {
				ASSETCATALOG_COMPILER_APPICON_NAME = AppIcon;
				ASSETCATALOG_COMPILER_GLOBAL_ACCENT_COLOR_NAME = AccentColor;
				CODE_SIGN_ENTITLEMENTS = "HockeyDrills Watch App/HockeyDrills Watch App.entitlements";
				CODE_SIGN_STYLE = Automatic;
				CURRENT_PROJECT_VERSION = 1;
				DEVELOPMENT_ASSET_PATHS = "\"HockeyDrills Watch App/Preview Content\"";
				DEVELOPMENT_TEAM = 48H7CLBV8Y;
				ENABLE_PREVIEWS = YES;
				GENERATE_INFOPLIST_FILE = YES;
				INFOPLIST_FILE = "HockeyDrills-Watch-App-Info.plist";
				INFOPLIST_KEY_CFBundleDisplayName = HockeyDrills;
				INFOPLIST_KEY_UISupportedInterfaceOrientations = "UIInterfaceOrientationPortrait UIInterfaceOrientationPortraitUpsideDown";
				INFOPLIST_KEY_WKWatchOnly = YES;
				LD_RUNPATH_SEARCH_PATHS = (
					"$(inherited)",
					"@executable_path/Frameworks",
				);
				MARKETING_VERSION = 1.0;
				PRODUCT_BUNDLE_IDENTIFIER = com.vladzaharia.HockeyDrills.watchkitapp;
				PRODUCT_NAME = "$(TARGET_NAME)";
				SDKROOT = watchos;
				SKIP_INSTALL = YES;
				SWIFT_EMIT_LOC_STRINGS = YES;
				SWIFT_VERSION = 5.0;
				TARGETED_DEVICE_FAMILY = 4;
				VALIDATE_PRODUCT = YES;
				WATCHOS_DEPLOYMENT_TARGET = 10.0;
			};
			name = Release;
		};
		F5E246692B51205600544911 /* Debug */ = {
			isa = XCBuildConfiguration;
			buildSettings = {
				ALWAYS_EMBED_SWIFT_STANDARD_LIBRARIES = YES;
				CODE_SIGN_STYLE = Automatic;
				CURRENT_PROJECT_VERSION = 1;
				DEVELOPMENT_TEAM = 48H7CLBV8Y;
				INFOPLIST_KEY_CFBundleDisplayName = HockeyDrills;
				MARKETING_VERSION = 1.0;
				PRODUCT_BUNDLE_IDENTIFIER = com.vladzaharia.HockeyDrills;
				PRODUCT_NAME = "$(TARGET_NAME)";
				SDKROOT = iphoneos;
				SUPPORTED_PLATFORMS = "iphoneos iphonesimulator";
				SUPPORTS_MACCATALYST = NO;
				SWIFT_VERSION = 5.0;
				TARGETED_DEVICE_FAMILY = 1;
			};
			name = Debug;
		};
		F5E2466A2B51205600544911 /* Release */ = {
			isa = XCBuildConfiguration;
			buildSettings = {
				ALWAYS_EMBED_SWIFT_STANDARD_LIBRARIES = YES;
				CODE_SIGN_STYLE = Automatic;
				CURRENT_PROJECT_VERSION = 1;
				DEVELOPMENT_TEAM = 48H7CLBV8Y;
				INFOPLIST_KEY_CFBundleDisplayName = HockeyDrills;
				MARKETING_VERSION = 1.0;
				PRODUCT_BUNDLE_IDENTIFIER = com.vladzaharia.HockeyDrills;
				PRODUCT_NAME = "$(TARGET_NAME)";
				SDKROOT = iphoneos;
				SUPPORTED_PLATFORMS = "iphoneos iphonesimulator";
				SUPPORTS_MACCATALYST = NO;
				SWIFT_VERSION = 5.0;
				TARGETED_DEVICE_FAMILY = 1;
				VALIDATE_PRODUCT = YES;
			};
			name = Release;
		};
		F5E2466C2B51205600544911 /* Debug */ = {
			isa = XCBuildConfiguration;
			buildSettings = {
				ALWAYS_EMBED_SWIFT_STANDARD_LIBRARIES = YES;
				BUNDLE_LOADER = "$(TEST_HOST)";
				CODE_SIGN_STYLE = Automatic;
				CURRENT_PROJECT_VERSION = 1;
				DEVELOPMENT_TEAM = 48H7CLBV8Y;
				GENERATE_INFOPLIST_FILE = YES;
				MARKETING_VERSION = 1.0;
				PRODUCT_BUNDLE_IDENTIFIER = "com.vladzaharia.HockeyDrills-Watch-AppTests";
				PRODUCT_NAME = "$(TARGET_NAME)";
				SDKROOT = watchos;
				SWIFT_EMIT_LOC_STRINGS = NO;
				SWIFT_VERSION = 5.0;
				TARGETED_DEVICE_FAMILY = 4;
				TEST_HOST = "$(BUILT_PRODUCTS_DIR)/HockeyDrills Watch App.app/$(BUNDLE_EXECUTABLE_FOLDER_PATH)/HockeyDrills Watch App";
				WATCHOS_DEPLOYMENT_TARGET = 10.2;
			};
			name = Debug;
		};
		F5E2466D2B51205600544911 /* Release */ = {
			isa = XCBuildConfiguration;
			buildSettings = {
				ALWAYS_EMBED_SWIFT_STANDARD_LIBRARIES = YES;
				BUNDLE_LOADER = "$(TEST_HOST)";
				CODE_SIGN_STYLE = Automatic;
				CURRENT_PROJECT_VERSION = 1;
				DEVELOPMENT_TEAM = 48H7CLBV8Y;
				GENERATE_INFOPLIST_FILE = YES;
				MARKETING_VERSION = 1.0;
				PRODUCT_BUNDLE_IDENTIFIER = "com.vladzaharia.HockeyDrills-Watch-AppTests";
				PRODUCT_NAME = "$(TARGET_NAME)";
				SDKROOT = watchos;
				SWIFT_EMIT_LOC_STRINGS = NO;
				SWIFT_VERSION = 5.0;
				TARGETED_DEVICE_FAMILY = 4;
				TEST_HOST = "$(BUILT_PRODUCTS_DIR)/HockeyDrills Watch App.app/$(BUNDLE_EXECUTABLE_FOLDER_PATH)/HockeyDrills Watch App";
				VALIDATE_PRODUCT = YES;
				WATCHOS_DEPLOYMENT_TARGET = 10.2;
			};
			name = Release;
		};
		F5E2466F2B51205600544911 /* Debug */ = {
			isa = XCBuildConfiguration;
			buildSettings = {
				ALWAYS_EMBED_SWIFT_STANDARD_LIBRARIES = YES;
				CODE_SIGN_STYLE = Automatic;
				CURRENT_PROJECT_VERSION = 1;
				DEVELOPMENT_TEAM = 48H7CLBV8Y;
				GENERATE_INFOPLIST_FILE = YES;
				MARKETING_VERSION = 1.0;
				PRODUCT_BUNDLE_IDENTIFIER = "com.vladzaharia.HockeyDrills-Watch-AppUITests";
				PRODUCT_NAME = "$(TARGET_NAME)";
				SDKROOT = watchos;
				SWIFT_EMIT_LOC_STRINGS = NO;
				SWIFT_VERSION = 5.0;
				TARGETED_DEVICE_FAMILY = 4;
				TEST_TARGET_NAME = "HockeyDrills Watch App";
				WATCHOS_DEPLOYMENT_TARGET = 10.2;
			};
			name = Debug;
		};
		F5E246702B51205600544911 /* Release */ = {
			isa = XCBuildConfiguration;
			buildSettings = {
				ALWAYS_EMBED_SWIFT_STANDARD_LIBRARIES = YES;
				CODE_SIGN_STYLE = Automatic;
				CURRENT_PROJECT_VERSION = 1;
				DEVELOPMENT_TEAM = 48H7CLBV8Y;
				GENERATE_INFOPLIST_FILE = YES;
				MARKETING_VERSION = 1.0;
				PRODUCT_BUNDLE_IDENTIFIER = "com.vladzaharia.HockeyDrills-Watch-AppUITests";
				PRODUCT_NAME = "$(TARGET_NAME)";
				SDKROOT = watchos;
				SWIFT_EMIT_LOC_STRINGS = NO;
				SWIFT_VERSION = 5.0;
				TARGETED_DEVICE_FAMILY = 4;
				TEST_TARGET_NAME = "HockeyDrills Watch App";
				VALIDATE_PRODUCT = YES;
				WATCHOS_DEPLOYMENT_TARGET = 10.2;
			};
			name = Release;
		};
/* End XCBuildConfiguration section */

/* Begin XCConfigurationList section */
		F5E246352B51205300544911 /* Build configuration list for PBXProject "HockeyDrills" */ = {
			isa = XCConfigurationList;
			buildConfigurations = (
				F5E246622B51205600544911 /* Debug */,
				F5E246632B51205600544911 /* Release */,
			);
			defaultConfigurationIsVisible = 0;
			defaultConfigurationName = Release;
		};
		F5E246642B51205600544911 /* Build configuration list for PBXNativeTarget "HockeyDrills Watch App" */ = {
			isa = XCConfigurationList;
			buildConfigurations = (
				F5E246652B51205600544911 /* Debug */,
				F5E246662B51205600544911 /* Release */,
			);
			defaultConfigurationIsVisible = 0;
			defaultConfigurationName = Release;
		};
		F5E246682B51205600544911 /* Build configuration list for PBXNativeTarget "HockeyDrills" */ = {
			isa = XCConfigurationList;
			buildConfigurations = (
				F5E246692B51205600544911 /* Debug */,
				F5E2466A2B51205600544911 /* Release */,
			);
			defaultConfigurationIsVisible = 0;
			defaultConfigurationName = Release;
		};
		F5E2466B2B51205600544911 /* Build configuration list for PBXNativeTarget "HockeyDrills Watch AppTests" */ = {
			isa = XCConfigurationList;
			buildConfigurations = (
				F5E2466C2B51205600544911 /* Debug */,
				F5E2466D2B51205600544911 /* Release */,
			);
			defaultConfigurationIsVisible = 0;
			defaultConfigurationName = Release;
		};
		F5E2466E2B51205600544911 /* Build configuration list for PBXNativeTarget "HockeyDrills Watch AppUITests" */ = {
			isa = XCConfigurationList;
			buildConfigurations = (
				F5E2466F2B51205600544911 /* Debug */,
				F5E246702B51205600544911 /* Release */,
			);
			defaultConfigurationIsVisible = 0;
			defaultConfigurationName = Release;
		};
/* End XCConfigurationList section */
	};
	rootObject = F5E246322B51205300544911 /* Project object */;
}
